
Microsoft Visual Studio Solution File, Format Version 12.00
# Visual Studio 15
VisualStudioVersion = 15.0.28307.705
MinimumVisualStudioVersion = 10.0.40219.1
Project("{FAE04EC0-301F-11D3-BF4B-00C04F79EFBC}") = "CodilityChalanges", "CodilityChalanges\CodilityChalanges.csproj", "{2F9DC8E8-2BD9-45BF-A193-B8A785251E56}"
EndProject
Project("{FAE04EC0-301F-11D3-BF4B-00C04F79EFBC}") = "CodilityChalangesTest", "CodilityChalangesTest\CodilityChalangesTest.csproj", "{4A09E4FC-F217-4B91-8ED1-EE3F94928423}"
EndProject
Global
	GlobalSection(SolutionConfigurationPlatforms) = preSolution
		Debug|Any CPU = Debug|Any CPU
		Release|Any CPU = Release|Any CPU
	EndGlobalSection
	GlobalSection(ProjectConfigurationPlatforms) = postSolution
		{2F9DC8E8-2BD9-45BF-A193-B8A785251E56}.Debug|Any CPU.ActiveCfg = Debug|Any CPU
		{2F9DC8E8-2BD9-45BF-A193-B8A785251E56}.Debug|Any CPU.Build.0 = Debug|Any CPU
		{2F9DC8E8-2BD9-45BF-A193-B8A785251E56}.Release|Any CPU.ActiveCfg = Release|Any CPU
		{2F9DC8E8-2BD9-45BF-A193-B8A785251E56}.Release|Any CPU.Build.0 = Release|Any CPU
		{4A09E4FC-F217-4B91-8ED1-EE3F94928423}.Debug|Any CPU.ActiveCfg = Debug|Any CPU
		{4A09E4FC-F217-4B91-8ED1-EE3F94928423}.Debug|Any CPU.Build.0 = Debug|Any CPU
		{4A09E4FC-F217-4B91-8ED1-EE3F94928423}.Release|Any CPU.ActiveCfg = Release|Any CPU
		{4A09E4FC-F217-4B91-8ED1-EE3F94928423}.Release|Any CPU.Build.0 = Release|Any CPU
	EndGlobalSection
	GlobalSection(SolutionProperties) = preSolution
		HideSolutionNode = FALSE
	EndGlobalSection
	GlobalSection(ExtensibilityGlobals) = postSolution
		SolutionGuid = {BEEE2B63-218E-4095-BD64-278974DD7826}
	EndGlobalSection
EndGlobal
